%{"calendar": {:hex, :calendar, "0.14.1", "2e4e74ba55db48a08da46e888152bf8ba151f7ec43817294ea776fcf9d9807f6", [:mix], [{:tzdata, "~> 0.5.7 or ~> 0.1.201603", [hex: :tzdata, optional: false]}]},
  "certifi": {:hex, :certifi, "0.4.0"},
  "earmark": {:hex, :earmark, "0.2.1", "ba6d26ceb16106d069b289df66751734802777a3cbb6787026dd800ffeb850f3", [:mix], []},
  "ex_doc": {:hex, :ex_doc, "0.11.5", "0dc51cb84f8312162a2313d6c71573a9afa332333d8a332bb12540861b9834db", [:mix], [{:earmark, "~> 0.1.17 or ~> 0.2", [hex: :earmark, optional: true]}]},
  "hackney": {:hex, :hackney, "1.6.0"},
  "idna": {:hex, :idna, "1.2.0"},
  "metrics": {:hex, :metrics, "1.0.1"},
  "mimerl": {:hex, :mimerl, "1.0.2"},
  "ssl_verify_fun": {:hex, :ssl_verify_fun, "1.1.0"},
  "tzdata": {:hex, :tzdata, "0.1.201603", "9c388ceab3f4714b7d07a9d77ef2f70330e3784a833141ac4926f52237aa0621", [:mix], []}}
